
Microsoft Visual Studio Solution File, Format Version 12.00
# Visual Studio Version 17
VisualStudioVersion = 17.13.36105.23
MinimumVisualStudioVersion = 10.0.40219.1
Project("{FAE04EC0-301F-11D3-BF4B-00C04F79EFBC}") = "GenerationTest.Cmd", "GenerationTest.Cmd\GenerationTest.Cmd.csproj", "{F5300247-701A-4200-AD84-32CBF831433C}"
EndProject
Project("{FAE04EC0-301F-11D3-BF4B-00C04F79EFBC}") = "WS.DomainModelling", "WS.DomainModelling\WS.DomainModelling.csproj", "{480627D0-8169-0C9E-C56B-40908E8B6AEC}"
EndProject
Project("{FAE04EC0-301F-11D3-BF4B-00C04F79EFBC}") = "WS.DomainModelling.Test", "WS.DomainModelling.Test\WS.DomainModelling.Test.csproj", "{99EAD4B0-9609-4FE3-7BDC-1DE404468157}"
EndProject
Global
	GlobalSection(SolutionConfigurationPlatforms) = preSolution
		Debug|Any CPU = Debug|Any CPU
		Release|Any CPU = Release|Any CPU
	EndGlobalSection
	GlobalSection(ProjectConfigurationPlatforms) = postSolution
		{F5300247-701A-4200-AD84-32CBF831433C}.Debug|Any CPU.ActiveCfg = Debug|Any CPU
		{F5300247-701A-4200-AD84-32CBF831433C}.Debug|Any CPU.Build.0 = Debug|Any CPU
		{F5300247-701A-4200-AD84-32CBF831433C}.Release|Any CPU.ActiveCfg = Release|Any CPU
		{F5300247-701A-4200-AD84-32CBF831433C}.Release|Any CPU.Build.0 = Release|Any CPU
		{480627D0-8169-0C9E-C56B-40908E8B6AEC}.Debug|Any CPU.ActiveCfg = Debug|Any CPU
		{480627D0-8169-0C9E-C56B-40908E8B6AEC}.Debug|Any CPU.Build.0 = Debug|Any CPU
		{480627D0-8169-0C9E-C56B-40908E8B6AEC}.Release|Any CPU.ActiveCfg = Release|Any CPU
		{480627D0-8169-0C9E-C56B-40908E8B6AEC}.Release|Any CPU.Build.0 = Release|Any CPU
		{99EAD4B0-9609-4FE3-7BDC-1DE404468157}.Debug|Any CPU.ActiveCfg = Debug|Any CPU
		{99EAD4B0-9609-4FE3-7BDC-1DE404468157}.Debug|Any CPU.Build.0 = Debug|Any CPU
		{99EAD4B0-9609-4FE3-7BDC-1DE404468157}.Release|Any CPU.ActiveCfg = Release|Any CPU
		{99EAD4B0-9609-4FE3-7BDC-1DE404468157}.Release|Any CPU.Build.0 = Release|Any CPU
	EndGlobalSection
	GlobalSection(SolutionProperties) = preSolution
		HideSolutionNode = FALSE
	EndGlobalSection
	GlobalSection(ExtensibilityGlobals) = postSolution
		SolutionGuid = {045928E1-BED2-439C-BD2C-2281E1086A15}
	EndGlobalSection
EndGlobal
